// !$*UTF8*$!
{
	archiveVersion = 1;
	classes = {
	};
	objectVersion = 77;
	objects = {

/* Begin PBXBuildFile section */
		0C316CC7C8A7632582A7DBD0 /* Assets.xcassets in Resources */ = {isa = PBXBuildFile; fileRef = BEC20D993CB3D3C84E59CA3A /* Assets.xcassets */; };
		0FAADFB4F55AFF465FF51B1A /* DashboardWindowController.swift in Sources */ = {isa = PBXBuildFile; fileRef = EFF7771C55BC5F5135D99161 /* DashboardWindowController.swift */; };
		3ECA4CF886BC3A30D29386FD /* ActivityNotifier.swift in Sources */ = {isa = PBXBuildFile; fileRef = 1799D75EA8FD8AA51E9B0F56 /* ActivityNotifier.swift */; };
		4AF56999272F8744CEA5F599 /* AppUsageTotal.swift in Sources */ = {isa = PBXBuildFile; fileRef = 25DEC23F470E23EC334B4DCA /* AppUsageTotal.swift */; };
		4BEC181F6289095637E5DEAC /* DaySummary.swift in Sources */ = {isa = PBXBuildFile; fileRef = DFFFBD939A04D01B35073DAD /* DaySummary.swift */; };
		4CBC36F5A10CADB8B3FD9A52 /* UpdaterService.swift in Sources */ = {isa = PBXBuildFile; fileRef = 5BDEEB93E85DB14394FEB49C /* UpdaterService.swift */; };
		5CF8A98567B28D1322677C59 /* TrackedSession.swift in Sources */ = {isa = PBXBuildFile; fileRef = 618A2AE0BC64B37BA92EC7AF /* TrackedSession.swift */; };
		6468F1770C8189667C37AC67 /* WorkDayRecord.swift in Sources */ = {isa = PBXBuildFile; fileRef = 3A961CDB991367A8057AC8FA /* WorkDayRecord.swift */; };
		6DA4771CC2CC17BF14FE5AF3 /* ActiveAppMonitor.swift in Sources */ = {isa = PBXBuildFile; fileRef = 7378423B970479AB052611E1 /* ActiveAppMonitor.swift */; };
		6EB7A8C4205206308C4ABD14 /* ActivityEvent.swift in Sources */ = {isa = PBXBuildFile; fileRef = 09F639D0681AD2B520367EB4 /* ActivityEvent.swift */; };
		6EEE78AA9F3C36D9A450C23E /* ActivitySegment.swift in Sources */ = {isa = PBXBuildFile; fileRef = F4B72B9CE378D8CD1C86CDAC /* ActivitySegment.swift */; };
		7102A0085A32F950DE67CCA8 /* MenuBarView.swift in Sources */ = {isa = PBXBuildFile; fileRef = C8512335745D8D2F2FEFC248 /* MenuBarView.swift */; };
		8515424B2D2F856FED792711 /* IdleMonitor.swift in Sources */ = {isa = PBXBuildFile; fileRef = 6E30CEE6081BAF667A155EFD /* IdleMonitor.swift */; };
		933968A87A0DA86100161EF7 /* ActivitySegmentBuilder.swift in Sources */ = {isa = PBXBuildFile; fileRef = BEC355DE02B5213227D5E5F7 /* ActivitySegmentBuilder.swift */; };
		A28A690B1100CFD469C0D146 /* AppState.swift in Sources */ = {isa = PBXBuildFile; fileRef = D59A8C42552D32DFEB3A557F /* AppState.swift */; };
		A51E42837CE8DB33556E9949 /* DurationTextFormatter.swift in Sources */ = {isa = PBXBuildFile; fileRef = 62AC3C28256DD46C8901E7E3 /* DurationTextFormatter.swift */; };
		BDBCE38D71C2753201FD8A33 /* Sparkle in Frameworks */ = {isa = PBXBuildFile; productRef = 74C95D1EE0F68AF36BDC3D30 /* Sparkle */; };
		E5182D70D89E0B89F54399F0 /* ProjectPulseApp.swift in Sources */ = {isa = PBXBuildFile; fileRef = 87D68766BC26C4C27242CCC6 /* ProjectPulseApp.swift */; };
		E62A68463094FBD46C43B928 /* DashboardView.swift in Sources */ = {isa = PBXBuildFile; fileRef = C78BF7B8EB01C95EC77D478B /* DashboardView.swift */; };
		EC1F03DD463C03D00C4F80B4 /* LaunchAtLoginService.swift in Sources */ = {isa = PBXBuildFile; fileRef = B125D716596DFDA7410D93A3 /* LaunchAtLoginService.swift */; };
		EC4B9EBA91A2FCE46EE672E6 /* ActivityEventBuffer.swift in Sources */ = {isa = PBXBuildFile; fileRef = 2B3CACB35C98D22932B6757C /* ActivityEventBuffer.swift */; };
		F23AA924F25F73462EE1A02E /* OnboardingView.swift in Sources */ = {isa = PBXBuildFile; fileRef = 48CC8ED89EDE4C89A9A3F3F5 /* OnboardingView.swift */; };
		FDF163A6374ED24DB293CD72 /* SessionStore.swift in Sources */ = {isa = PBXBuildFile; fileRef = 8730479418AC6808CF1BE5A4 /* SessionStore.swift */; };
/* End PBXBuildFile section */

/* Begin PBXFileReference section */
		05B2097738385308EFF69005 /* ProjectPulse.app */ = {isa = PBXFileReference; explicitFileType = wrapper.application; includeInIndex = 0; path = ProjectPulse.app; sourceTree = BUILT_PRODUCTS_DIR; };
		09F639D0681AD2B520367EB4 /* ActivityEvent.swift */ = {isa = PBXFileReference; lastKnownFileType = sourcecode.swift; path = ActivityEvent.swift; sourceTree = "<group>"; };
		1799D75EA8FD8AA51E9B0F56 /* ActivityNotifier.swift */ = {isa = PBXFileReference; lastKnownFileType = sourcecode.swift; path = ActivityNotifier.swift; sourceTree = "<group>"; };
		1CD360C937F41F6A7A805921 /* Veira.entitlements */ = {isa = PBXFileReference; lastKnownFileType = text.plist.entitlements; path = Veira.entitlements; sourceTree = "<group>"; };
		25DEC23F470E23EC334B4DCA /* AppUsageTotal.swift */ = {isa = PBXFileReference; lastKnownFileType = sourcecode.swift; path = AppUsageTotal.swift; sourceTree = "<group>"; };
		2B3CACB35C98D22932B6757C /* ActivityEventBuffer.swift */ = {isa = PBXFileReference; lastKnownFileType = sourcecode.swift; path = ActivityEventBuffer.swift; sourceTree = "<group>"; };
		3A961CDB991367A8057AC8FA /* WorkDayRecord.swift */ = {isa = PBXFileReference; lastKnownFileType = sourcecode.swift; path = WorkDayRecord.swift; sourceTree = "<group>"; };
		48CC8ED89EDE4C89A9A3F3F5 /* OnboardingView.swift */ = {isa = PBXFileReference; lastKnownFileType = sourcecode.swift; path = OnboardingView.swift; sourceTree = "<group>"; };
		49063E2250E8FB3A382643FA /* .gitkeep */ = {isa = PBXFileReference; path = .gitkeep; sourceTree = "<group>"; };
		5BDEEB93E85DB14394FEB49C /* UpdaterService.swift */ = {isa = PBXFileReference; lastKnownFileType = sourcecode.swift; path = UpdaterService.swift; sourceTree = "<group>"; };
		618A2AE0BC64B37BA92EC7AF /* TrackedSession.swift */ = {isa = PBXFileReference; lastKnownFileType = sourcecode.swift; path = TrackedSession.swift; sourceTree = "<group>"; };
		62AC3C28256DD46C8901E7E3 /* DurationTextFormatter.swift */ = {isa = PBXFileReference; lastKnownFileType = sourcecode.swift; path = DurationTextFormatter.swift; sourceTree = "<group>"; };
		6E30CEE6081BAF667A155EFD /* IdleMonitor.swift */ = {isa = PBXFileReference; lastKnownFileType = sourcecode.swift; path = IdleMonitor.swift; sourceTree = "<group>"; };
		7378423B970479AB052611E1 /* ActiveAppMonitor.swift */ = {isa = PBXFileReference; lastKnownFileType = sourcecode.swift; path = ActiveAppMonitor.swift; sourceTree = "<group>"; };
		8730479418AC6808CF1BE5A4 /* SessionStore.swift */ = {isa = PBXFileReference; lastKnownFileType = sourcecode.swift; path = SessionStore.swift; sourceTree = "<group>"; };
		87D68766BC26C4C27242CCC6 /* ProjectPulseApp.swift */ = {isa = PBXFileReference; lastKnownFileType = sourcecode.swift; path = ProjectPulseApp.swift; sourceTree = "<group>"; };
		B125D716596DFDA7410D93A3 /* LaunchAtLoginService.swift */ = {isa = PBXFileReference; lastKnownFileType = sourcecode.swift; path = LaunchAtLoginService.swift; sourceTree = "<group>"; };
		B6335B476F54AB1238AB6F60 /* Info.plist */ = {isa = PBXFileReference; lastKnownFileType = text.plist; path = Info.plist; sourceTree = "<group>"; };
		BEC20D993CB3D3C84E59CA3A /* Assets.xcassets */ = {isa = PBXFileReference; lastKnownFileType = folder.assetcatalog; path = Assets.xcassets; sourceTree = "<group>"; };
		BEC355DE02B5213227D5E5F7 /* ActivitySegmentBuilder.swift */ = {isa = PBXFileReference; lastKnownFileType = sourcecode.swift; path = ActivitySegmentBuilder.swift; sourceTree = "<group>"; };
		C78BF7B8EB01C95EC77D478B /* DashboardView.swift */ = {isa = PBXFileReference; lastKnownFileType = sourcecode.swift; path = DashboardView.swift; sourceTree = "<group>"; };
		C8512335745D8D2F2FEFC248 /* MenuBarView.swift */ = {isa = PBXFileReference; lastKnownFileType = sourcecode.swift; path = MenuBarView.swift; sourceTree = "<group>"; };
		CC220AFEAFC80B6664A57A74 /* .gitkeep */ = {isa = PBXFileReference; path = .gitkeep; sourceTree = "<group>"; };
		D59A8C42552D32DFEB3A557F /* AppState.swift */ = {isa = PBXFileReference; lastKnownFileType = sourcecode.swift; path = AppState.swift; sourceTree = "<group>"; };
		DFFFBD939A04D01B35073DAD /* DaySummary.swift */ = {isa = PBXFileReference; lastKnownFileType = sourcecode.swift; path = DaySummary.swift; sourceTree = "<group>"; };
		EFF7771C55BC5F5135D99161 /* DashboardWindowController.swift */ = {isa = PBXFileReference; lastKnownFileType = sourcecode.swift; path = DashboardWindowController.swift; sourceTree = "<group>"; };
		F4B72B9CE378D8CD1C86CDAC /* ActivitySegment.swift */ = {isa = PBXFileReference; lastKnownFileType = sourcecode.swift; path = ActivitySegment.swift; sourceTree = "<group>"; };
/* End PBXFileReference section */

/* Begin PBXFrameworksBuildPhase section */
		1BE54571773910628FFC0AB9 /* Frameworks */ = {
			isa = PBXFrameworksBuildPhase;
			buildActionMask = 2147483647;
			files = (
				BDBCE38D71C2753201FD8A33 /* Sparkle in Frameworks */,
			);
			runOnlyForDeploymentPostprocessing = 0;
		};
/* End PBXFrameworksBuildPhase section */

/* Begin PBXGroup section */
		0347F7210DBEAC78DC20BC16 /* Notifications */ = {
			isa = PBXGroup;
			children = (
				1799D75EA8FD8AA51E9B0F56 /* ActivityNotifier.swift */,
			);
			path = Notifications;
			sourceTree = "<group>";
		};
		17A4890470F47D6B3AF099CD /* System */ = {
			isa = PBXGroup;
			children = (
				B125D716596DFDA7410D93A3 /* LaunchAtLoginService.swift */,
			);
			path = System;
			sourceTree = "<group>";
		};
		191A9E9BDF18CC275E488457 /* Updater */ = {
			isa = PBXGroup;
			children = (
				5BDEEB93E85DB14394FEB49C /* UpdaterService.swift */,
			);
			path = Updater;
			sourceTree = "<group>";
		};
		34BF79F99889944AFAA8836B /* App */ = {
			isa = PBXGroup;
			children = (
				B6335B476F54AB1238AB6F60 /* Info.plist */,
				87D68766BC26C4C27242CCC6 /* ProjectPulseApp.swift */,
				1CD360C937F41F6A7A805921 /* Veira.entitlements */,
			);
			path = App;
			sourceTree = "<group>";
		};
		39F274FDF48954D3E794DFA5 /* MenuBar */ = {
			isa = PBXGroup;
			children = (
				C8512335745D8D2F2FEFC248 /* MenuBarView.swift */,
			);
			path = MenuBar;
			sourceTree = "<group>";
		};
		57D5E51B235C5F32CFDC16E5 /* Onboarding */ = {
			isa = PBXGroup;
			children = (
				48CC8ED89EDE4C89A9A3F3F5 /* OnboardingView.swift */,
			);
			path = Onboarding;
			sourceTree = "<group>";
		};
		7A3DE4773E19292D365E9B92 /* Features */ = {
			isa = PBXGroup;
			children = (
				C6C632005E9AEFFCF2CB075D /* Dashboard */,
				39F274FDF48954D3E794DFA5 /* MenuBar */,
				57D5E51B235C5F32CFDC16E5 /* Onboarding */,
			);
			path = Features;
			sourceTree = "<group>";
		};
		81DC492FE4BE2325C572CAC9 /* Shared */ = {
			isa = PBXGroup;
			children = (
				CC220AFEAFC80B6664A57A74 /* .gitkeep */,
				62AC3C28256DD46C8901E7E3 /* DurationTextFormatter.swift */,
			);
			path = Shared;
			sourceTree = "<group>";
		};
		8C8D1087F767F72A0B0028B2 /* Domain */ = {
			isa = PBXGroup;
			children = (
				AE705D4C1FFAC661C0EB5ADA /* Models */,
				FEACDA1704012501C7557896 /* Session */,
				D59A8C42552D32DFEB3A557F /* AppState.swift */,
			);
			path = Domain;
			sourceTree = "<group>";
		};
		8D8473A3D853EE3A4A4C37D6 /* Persistence */ = {
			isa = PBXGroup;
			children = (
				8730479418AC6808CF1BE5A4 /* SessionStore.swift */,
			);
			path = Persistence;
			sourceTree = "<group>";
		};
		A5CCE979DAFEF5D09297E42A = {
			isa = PBXGroup;
			children = (
				34BF79F99889944AFAA8836B /* App */,
				8C8D1087F767F72A0B0028B2 /* Domain */,
				7A3DE4773E19292D365E9B92 /* Features */,
				AD3480FF77504A5FD08E81BA /* Infrastructure */,
				81DC492FE4BE2325C572CAC9 /* Shared */,
				BEC20D993CB3D3C84E59CA3A /* Assets.xcassets */,
				C7157A14538B891D35DA5390 /* Products */,
			);
			sourceTree = "<group>";
		};
		AD3480FF77504A5FD08E81BA /* Infrastructure */ = {
			isa = PBXGroup;
			children = (
				0347F7210DBEAC78DC20BC16 /* Notifications */,
				8D8473A3D853EE3A4A4C37D6 /* Persistence */,
				17A4890470F47D6B3AF099CD /* System */,
				DADF456345AB520B5B505B6D /* Tracking */,
				191A9E9BDF18CC275E488457 /* Updater */,
				49063E2250E8FB3A382643FA /* .gitkeep */,
				EFF7771C55BC5F5135D99161 /* DashboardWindowController.swift */,
			);
			path = Infrastructure;
			sourceTree = "<group>";
		};
		AE705D4C1FFAC661C0EB5ADA /* Models */ = {
			isa = PBXGroup;
			children = (
				09F639D0681AD2B520367EB4 /* ActivityEvent.swift */,
				F4B72B9CE378D8CD1C86CDAC /* ActivitySegment.swift */,
				25DEC23F470E23EC334B4DCA /* AppUsageTotal.swift */,
				DFFFBD939A04D01B35073DAD /* DaySummary.swift */,
				618A2AE0BC64B37BA92EC7AF /* TrackedSession.swift */,
				3A961CDB991367A8057AC8FA /* WorkDayRecord.swift */,
			);
			path = Models;
			sourceTree = "<group>";
		};
		C6C632005E9AEFFCF2CB075D /* Dashboard */ = {
			isa = PBXGroup;
			children = (
				C78BF7B8EB01C95EC77D478B /* DashboardView.swift */,
			);
			path = Dashboard;
			sourceTree = "<group>";
		};
		C7157A14538B891D35DA5390 /* Products */ = {
			isa = PBXGroup;
			children = (
				05B2097738385308EFF69005 /* ProjectPulse.app */,
			);
			name = Products;
			sourceTree = "<group>";
		};
		DADF456345AB520B5B505B6D /* Tracking */ = {
			isa = PBXGroup;
			children = (
				7378423B970479AB052611E1 /* ActiveAppMonitor.swift */,
				2B3CACB35C98D22932B6757C /* ActivityEventBuffer.swift */,
				6E30CEE6081BAF667A155EFD /* IdleMonitor.swift */,
			);
			path = Tracking;
			sourceTree = "<group>";
		};
		FEACDA1704012501C7557896 /* Session */ = {
			isa = PBXGroup;
			children = (
				BEC355DE02B5213227D5E5F7 /* ActivitySegmentBuilder.swift */,
			);
			path = Session;
			sourceTree = "<group>";
		};
/* End PBXGroup section */

/* Begin PBXNativeTarget section */
		D13F12AC1CE0E019FC1D5172 /* ProjectPulse */ = {
			isa = PBXNativeTarget;
			buildConfigurationList = EA5A2CD134BF060725908F93 /* Build configuration list for PBXNativeTarget "ProjectPulse" */;
			buildPhases = (
				7FCCCE61935C8E45E759E4A8 /* Sources */,
				5A857D9B0B05BE9E015A91A0 /* Resources */,
				1BE54571773910628FFC0AB9 /* Frameworks */,
			);
			buildRules = (
			);
			dependencies = (
			);
			name = ProjectPulse;
			packageProductDependencies = (
				74C95D1EE0F68AF36BDC3D30 /* Sparkle */,
			);
			productName = ProjectPulse;
			productReference = 05B2097738385308EFF69005 /* ProjectPulse.app */;
			productType = "com.apple.product-type.application";
		};
/* End PBXNativeTarget section */

/* Begin PBXProject section */
		7A62027D4997341DF687A343 /* Project object */ = {
			isa = PBXProject;
			attributes = {
				BuildIndependentTargetsInParallel = YES;
				LastUpgradeCheck = 1430;
				TargetAttributes = {
					D13F12AC1CE0E019FC1D5172 = {
						ProvisioningStyle = Automatic;
					};
				};
			};
			buildConfigurationList = A9DFCEA6C26C0F8F15AE7376 /* Build configuration list for PBXProject "ProjectPulse" */;
			developmentRegion = en;
			hasScannedForEncodings = 0;
			knownRegions = (
				Base,
				en,
			);
			mainGroup = A5CCE979DAFEF5D09297E42A;
			minimizedProjectReferenceProxies = 1;
			packageReferences = (
				1D36D9090183E60D328DA00B /* XCRemoteSwiftPackageReference "Sparkle" */,
			);
			preferredProjectObjectVersion = 77;
			productRefGroup = C7157A14538B891D35DA5390 /* Products */;
			projectDirPath = "";
			projectRoot = "";
			targets = (
				D13F12AC1CE0E019FC1D5172 /* ProjectPulse */,
			);
		};
/* End PBXProject section */

/* Begin PBXResourcesBuildPhase section */
		5A857D9B0B05BE9E015A91A0 /* Resources */ = {
			isa = PBXResourcesBuildPhase;
			buildActionMask = 2147483647;
			files = (
				0C316CC7C8A7632582A7DBD0 /* Assets.xcassets in Resources */,
			);
			runOnlyForDeploymentPostprocessing = 0;
		};
/* End PBXResourcesBuildPhase section */

/* Begin PBXSourcesBuildPhase section */
		7FCCCE61935C8E45E759E4A8 /* Sources */ = {
			isa = PBXSourcesBuildPhase;
			buildActionMask = 2147483647;
			files = (
				6DA4771CC2CC17BF14FE5AF3 /* ActiveAppMonitor.swift in Sources */,
				6EB7A8C4205206308C4ABD14 /* ActivityEvent.swift in Sources */,
				EC4B9EBA91A2FCE46EE672E6 /* ActivityEventBuffer.swift in Sources */,
				3ECA4CF886BC3A30D29386FD /* ActivityNotifier.swift in Sources */,
				6EEE78AA9F3C36D9A450C23E /* ActivitySegment.swift in Sources */,
				933968A87A0DA86100161EF7 /* ActivitySegmentBuilder.swift in Sources */,
				A28A690B1100CFD469C0D146 /* AppState.swift in Sources */,
				4AF56999272F8744CEA5F599 /* AppUsageTotal.swift in Sources */,
				E62A68463094FBD46C43B928 /* DashboardView.swift in Sources */,
				0FAADFB4F55AFF465FF51B1A /* DashboardWindowController.swift in Sources */,
				4BEC181F6289095637E5DEAC /* DaySummary.swift in Sources */,
				A51E42837CE8DB33556E9949 /* DurationTextFormatter.swift in Sources */,
				8515424B2D2F856FED792711 /* IdleMonitor.swift in Sources */,
				EC1F03DD463C03D00C4F80B4 /* LaunchAtLoginService.swift in Sources */,
				7102A0085A32F950DE67CCA8 /* MenuBarView.swift in Sources */,
				F23AA924F25F73462EE1A02E /* OnboardingView.swift in Sources */,
				E5182D70D89E0B89F54399F0 /* ProjectPulseApp.swift in Sources */,
				FDF163A6374ED24DB293CD72 /* SessionStore.swift in Sources */,
				5CF8A98567B28D1322677C59 /* TrackedSession.swift in Sources */,
				4CBC36F5A10CADB8B3FD9A52 /* UpdaterService.swift in Sources */,
				6468F1770C8189667C37AC67 /* WorkDayRecord.swift in Sources */,
			);
			runOnlyForDeploymentPostprocessing = 0;
		};
/* End PBXSourcesBuildPhase section */

/* Begin XCBuildConfiguration section */
		0C6D64EAC9E5F1B2BA23F69A /* Release */ = {
			isa = XCBuildConfiguration;
			buildSettings = {
				ALWAYS_SEARCH_USER_PATHS = NO;
				CLANG_ANALYZER_NONNULL = YES;
				CLANG_ANALYZER_NUMBER_OBJECT_CONVERSION = YES_AGGRESSIVE;
				CLANG_CXX_LANGUAGE_STANDARD = "gnu++14";
				CLANG_CXX_LIBRARY = "libc++";
				CLANG_ENABLE_MODULES = YES;
				CLANG_ENABLE_OBJC_ARC = YES;
				CLANG_ENABLE_OBJC_WEAK = YES;
				CLANG_WARN_BLOCK_CAPTURE_AUTORELEASING = YES;
				CLANG_WARN_BOOL_CONVERSION = YES;
				CLANG_WARN_COMMA = YES;
				CLANG_WARN_CONSTANT_CONVERSION = YES;
				CLANG_WARN_DEPRECATED_OBJC_IMPLEMENTATIONS = YES;
				CLANG_WARN_DIRECT_OBJC_ISA_USAGE = YES_ERROR;
				CLANG_WARN_DOCUMENTATION_COMMENTS = YES;
				CLANG_WARN_EMPTY_BODY = YES;
				CLANG_WARN_ENUM_CONVERSION = YES;
				CLANG_WARN_INFINITE_RECURSION = YES;
				CLANG_WARN_INT_CONVERSION = YES;
				CLANG_WARN_NON_LITERAL_NULL_CONVERSION = YES;
				CLANG_WARN_OBJC_IMPLICIT_RETAIN_SELF = YES;
				CLANG_WARN_OBJC_LITERAL_CONVERSION = YES;
				CLANG_WARN_OBJC_ROOT_CLASS = YES_ERROR;
				CLANG_WARN_QUOTED_INCLUDE_IN_FRAMEWORK_HEADER = YES;
				CLANG_WARN_RANGE_LOOP_ANALYSIS = YES;
				CLANG_WARN_STRICT_PROTOTYPES = YES;
				CLANG_WARN_SUSPICIOUS_MOVE = YES;
				CLANG_WARN_UNGUARDED_AVAILABILITY = YES_AGGRESSIVE;
				CLANG_WARN_UNREACHABLE_CODE = YES;
				CLANG_WARN__DUPLICATE_METHOD_MATCH = YES;
				COPY_PHASE_STRIP = NO;
				CURRENT_PROJECT_VERSION = 3;
				DEBUG_INFORMATION_FORMAT = "dwarf-with-dsym";
				ENABLE_NS_ASSERTIONS = NO;
				ENABLE_STRICT_OBJC_MSGSEND = YES;
				GCC_C_LANGUAGE_STANDARD = gnu11;
				GCC_NO_COMMON_BLOCKS = YES;
				GCC_WARN_64_TO_32_BIT_CONVERSION = YES;
				GCC_WARN_ABOUT_RETURN_TYPE = YES_ERROR;
				GCC_WARN_UNDECLARED_SELECTOR = YES;
				GCC_WARN_UNINITIALIZED_AUTOS = YES_AGGRESSIVE;
				GCC_WARN_UNUSED_FUNCTION = YES;
				GCC_WARN_UNUSED_VARIABLE = YES;
				MACOSX_DEPLOYMENT_TARGET = 14.0;
				MARKETING_VERSION = 1.2.0;
				MTL_ENABLE_DEBUG_INFO = NO;
				MTL_FAST_MATH = YES;
				PRODUCT_NAME = "$(TARGET_NAME)";
				SDKROOT = macosx;
				SWIFT_COMPILATION_MODE = wholemodule;
				SWIFT_OPTIMIZATION_LEVEL = "-O";
				SWIFT_VERSION = 5.9;
			};
			name = Release;
		};
		1B3A20D73330EAA57350D8B2 /* Debug */ = {
			isa = XCBuildConfiguration;
			buildSettings = {
				ASSETCATALOG_COMPILER_APPICON_NAME = AppIcon;
				CODE_SIGN_ENTITLEMENTS = App/Veira.entitlements;
				CODE_SIGN_STYLE = Automatic;
				COMBINE_HIDPI_IMAGES = YES;
				ENABLE_HARDENED_RUNTIME = YES;
				INFOPLIST_FILE = App/Info.plist;
				LD_RUNPATH_SEARCH_PATHS = (
					"$(inherited)",
					"@executable_path/../Frameworks",
				);
				MACOSX_DEPLOYMENT_TARGET = 14.0;
				PRODUCT_BUNDLE_IDENTIFIER = com.veira.app;
				PRODUCT_NAME = Veira;
				SDKROOT = macosx;
			};
			name = Debug;
		};
		53BEB8842511B6E276EC69D2 /* Debug */ = {
			isa = XCBuildConfiguration;
			buildSettings = {
				ALWAYS_SEARCH_USER_PATHS = NO;
				CLANG_ANALYZER_NONNULL = YES;
				CLANG_ANALYZER_NUMBER_OBJECT_CONVERSION = YES_AGGRESSIVE;
				CLANG_CXX_LANGUAGE_STANDARD = "gnu++14";
				CLANG_CXX_LIBRARY = "libc++";
				CLANG_ENABLE_MODULES = YES;
				CLANG_ENABLE_OBJC_ARC = YES;
				CLANG_ENABLE_OBJC_WEAK = YES;
				CLANG_WARN_BLOCK_CAPTURE_AUTORELEASING = YES;
				CLANG_WARN_BOOL_CONVERSION = YES;
				CLANG_WARN_COMMA = YES;
				CLANG_WARN_CONSTANT_CONVERSION = YES;
				CLANG_WARN_DEPRECATED_OBJC_IMPLEMENTATIONS = YES;
				CLANG_WARN_DIRECT_OBJC_ISA_USAGE = YES_ERROR;
				CLANG_WARN_DOCUMENTATION_COMMENTS = YES;
				CLANG_WARN_EMPTY_BODY = YES;
				CLANG_WARN_ENUM_CONVERSION = YES;
				CLANG_WARN_INFINITE_RECURSION = YES;
				CLANG_WARN_INT_CONVERSION = YES;
				CLANG_WARN_NON_LITERAL_NULL_CONVERSION = YES;
				CLANG_WARN_OBJC_IMPLICIT_RETAIN_SELF = YES;
				CLANG_WARN_OBJC_LITERAL_CONVERSION = YES;
				CLANG_WARN_OBJC_ROOT_CLASS = YES_ERROR;
				CLANG_WARN_QUOTED_INCLUDE_IN_FRAMEWORK_HEADER = YES;
				CLANG_WARN_RANGE_LOOP_ANALYSIS = YES;
				CLANG_WARN_STRICT_PROTOTYPES = YES;
				CLANG_WARN_SUSPICIOUS_MOVE = YES;
				CLANG_WARN_UNGUARDED_AVAILABILITY = YES_AGGRESSIVE;
				CLANG_WARN_UNREACHABLE_CODE = YES;
				CLANG_WARN__DUPLICATE_METHOD_MATCH = YES;
				COPY_PHASE_STRIP = NO;
				CURRENT_PROJECT_VERSION = 3;
				DEBUG_INFORMATION_FORMAT = dwarf;
				ENABLE_STRICT_OBJC_MSGSEND = YES;
				ENABLE_TESTABILITY = YES;
				GCC_C_LANGUAGE_STANDARD = gnu11;
				GCC_DYNAMIC_NO_PIC = NO;
				GCC_NO_COMMON_BLOCKS = YES;
				GCC_OPTIMIZATION_LEVEL = 0;
				GCC_PREPROCESSOR_DEFINITIONS = (
					"$(inherited)",
					"DEBUG=1",
				);
				GCC_WARN_64_TO_32_BIT_CONVERSION = YES;
				GCC_WARN_ABOUT_RETURN_TYPE = YES_ERROR;
				GCC_WARN_UNDECLARED_SELECTOR = YES;
				GCC_WARN_UNINITIALIZED_AUTOS = YES_AGGRESSIVE;
				GCC_WARN_UNUSED_FUNCTION = YES;
				GCC_WARN_UNUSED_VARIABLE = YES;
				MACOSX_DEPLOYMENT_TARGET = 14.0;
				MARKETING_VERSION = 1.2.0;
				MTL_ENABLE_DEBUG_INFO = INCLUDE_SOURCE;
				MTL_FAST_MATH = YES;
				ONLY_ACTIVE_ARCH = YES;
				PRODUCT_NAME = "$(TARGET_NAME)";
				SDKROOT = macosx;
				SWIFT_ACTIVE_COMPILATION_CONDITIONS = DEBUG;
				SWIFT_OPTIMIZATION_LEVEL = "-Onone";
				SWIFT_VERSION = 5.9;
			};
			name = Debug;
		};
		C465B3BE48498B0908257A8E /* Release */ = {
			isa = XCBuildConfiguration;
			buildSettings = {
				ASSETCATALOG_COMPILER_APPICON_NAME = AppIcon;
				CODE_SIGN_ENTITLEMENTS = App/Veira.entitlements;
				CODE_SIGN_STYLE = Automatic;
				COMBINE_HIDPI_IMAGES = YES;
				ENABLE_HARDENED_RUNTIME = YES;
				INFOPLIST_FILE = App/Info.plist;
				LD_RUNPATH_SEARCH_PATHS = (
					"$(inherited)",
					"@executable_path/../Frameworks",
				);
				MACOSX_DEPLOYMENT_TARGET = 14.0;
				PRODUCT_BUNDLE_IDENTIFIER = com.veira.app;
				PRODUCT_NAME = Veira;
				SDKROOT = macosx;
			};
			name = Release;
		};
/* End XCBuildConfiguration section */

/* Begin XCConfigurationList section */
		A9DFCEA6C26C0F8F15AE7376 /* Build configuration list for PBXProject "ProjectPulse" */ = {
			isa = XCConfigurationList;
			buildConfigurations = (
				53BEB8842511B6E276EC69D2 /* Debug */,
				0C6D64EAC9E5F1B2BA23F69A /* Release */,
			);
			defaultConfigurationIsVisible = 0;
			defaultConfigurationName = Debug;
		};
		EA5A2CD134BF060725908F93 /* Build configuration list for PBXNativeTarget "ProjectPulse" */ = {
			isa = XCConfigurationList;
			buildConfigurations = (
				1B3A20D73330EAA57350D8B2 /* Debug */,
				C465B3BE48498B0908257A8E /* Release */,
			);
			defaultConfigurationIsVisible = 0;
			defaultConfigurationName = Debug;
		};
/* End XCConfigurationList section */

/* Begin XCRemoteSwiftPackageReference section */
		1D36D9090183E60D328DA00B /* XCRemoteSwiftPackageReference "Sparkle" */ = {
			isa = XCRemoteSwiftPackageReference;
			repositoryURL = "https://github.com/sparkle-project/Sparkle";
			requirement = {
				kind = upToNextMajorVersion;
				minimumVersion = 2.0.0;
			};
		};
/* End XCRemoteSwiftPackageReference section */

/* Begin XCSwiftPackageProductDependency section */
		74C95D1EE0F68AF36BDC3D30 /* Sparkle */ = {
			isa = XCSwiftPackageProductDependency;
			package = 1D36D9090183E60D328DA00B /* XCRemoteSwiftPackageReference "Sparkle" */;
			productName = Sparkle;
		};
/* End XCSwiftPackageProductDependency section */
	};
	rootObject = 7A62027D4997341DF687A343 /* Project object */;
}
